
Microsoft Visual Studio Solution File, Format Version 12.00
Project("{FAE04EC0-301F-11D3-BF4B-00C04F79EFBC}") = "AvaloniaApplication8", "AvaloniaApplication8\AvaloniaApplication8.csproj", "{53FB7C9A-ED03-43C4-98E8-4EFE79E19987}"
EndProject
Global
	GlobalSection(SolutionConfigurationPlatforms) = preSolution
		Debug|Any CPU = Debug|Any CPU
		Release|Any CPU = Release|Any CPU
	EndGlobalSection
	GlobalSection(ProjectConfigurationPlatforms) = postSolution
		{53FB7C9A-ED03-43C4-98E8-4EFE79E19987}.Debug|Any CPU.ActiveCfg = Debug|Any CPU
		{53FB7C9A-ED03-43C4-98E8-4EFE79E19987}.Debug|Any CPU.Build.0 = Debug|Any CPU
		{53FB7C9A-ED03-43C4-98E8-4EFE79E19987}.Release|Any CPU.ActiveCfg = Release|Any CPU
		{53FB7C9A-ED03-43C4-98E8-4EFE79E19987}.Release|Any CPU.Build.0 = Release|Any CPU
	EndGlobalSection
EndGlobal
